
Microsoft Visual Studio Solution File, Format Version 12.00
# Visual Studio Version 17
VisualStudioVersion = 17.2.32616.157
MinimumVisualStudioVersion = 10.0.40219.1
Project("{FAE04EC0-301F-11D3-BF4B-00C04F79EFBC}") = "ResolucaoParentetizacao", "ResolucaoParentetizacao\ResolucaoParentetizacao.csproj", "{6620880F-CA0D-4598-8C8B-0DFD80E37B2F}"
EndProject
Global
	GlobalSection(SolutionConfigurationPlatforms) = preSolution
		Debug|Any CPU = Debug|Any CPU
		Release|Any CPU = Release|Any CPU
	EndGlobalSection
	GlobalSection(ProjectConfigurationPlatforms) = postSolution
		{6620880F-CA0D-4598-8C8B-0DFD80E37B2F}.Debug|Any CPU.ActiveCfg = Debug|Any CPU
		{6620880F-CA0D-4598-8C8B-0DFD80E37B2F}.Debug|Any CPU.Build.0 = Debug|Any CPU
		{6620880F-CA0D-4598-8C8B-0DFD80E37B2F}.Release|Any CPU.ActiveCfg = Release|Any CPU
		{6620880F-CA0D-4598-8C8B-0DFD80E37B2F}.Release|Any CPU.Build.0 = Release|Any CPU
	EndGlobalSection
	GlobalSection(SolutionProperties) = preSolution
		HideSolutionNode = FALSE
	EndGlobalSection
	GlobalSection(ExtensibilityGlobals) = postSolution
		SolutionGuid = {5063FBA8-7C86-421C-85F6-44511ACB0B5C}
	EndGlobalSection
EndGlobal
